// !$*UTF8*$!
{
	archiveVersion = 1;
	classes = {
	};
	objectVersion = 50;
	objects = {

/* Begin PBXBuildFile section */
		AF24DD7425E4F6E000CD236E /* AppDelegate.swift in Sources */ = {isa = PBXBuildFile; fileRef = AF24DD7325E4F6E000CD236E /* AppDelegate.swift */; };
		AF24DD7825E4F6E100CD236E /* Assets.xcassets in Resources */ = {isa = PBXBuildFile; fileRef = AF24DD7725E4F6E100CD236E /* Assets.xcassets */; };
		AF24DD7B25E4F6E100CD236E /* Preview Assets.xcassets in Resources */ = {isa = PBXBuildFile; fileRef = AF24DD7A25E4F6E100CD236E /* Preview Assets.xcassets */; };
		AF24DD7E25E4F6E100CD236E /* Main.storyboard in Resources */ = {isa = PBXBuildFile; fileRef = AF24DD7C25E4F6E100CD236E /* Main.storyboard */; };
		AF24DD8B25E4FAF800CD236E /* gitmoji.json in Resources */ = {isa = PBXBuildFile; fileRef = AF24DD8A25E4FAF800CD236E /* gitmoji.json */; };
		AF24DD8E25E4FB1800CD236E /* Gitmoji.swift in Sources */ = {isa = PBXBuildFile; fileRef = AF24DD8D25E4FB1800CD236E /* Gitmoji.swift */; };
		AF24DD9125E5002C00CD236E /* GitmojiRowView.swift in Sources */ = {isa = PBXBuildFile; fileRef = AF24DD9025E5002C00CD236E /* GitmojiRowView.swift */; };
		AF24DD9425E502E800CD236E /* GitmojiListView.swift in Sources */ = {isa = PBXBuildFile; fileRef = AF24DD9325E502E800CD236E /* GitmojiListView.swift */; };
/* End PBXBuildFile section */

/* Begin PBXFileReference section */
		AF24DD7025E4F6E000CD236E /* GitMoji.app */ = {isa = PBXFileReference; explicitFileType = wrapper.application; includeInIndex = 0; path = GitMoji.app; sourceTree = BUILT_PRODUCTS_DIR; };
		AF24DD7325E4F6E000CD236E /* AppDelegate.swift */ = {isa = PBXFileReference; lastKnownFileType = sourcecode.swift; path = AppDelegate.swift; sourceTree = "<group>"; };
		AF24DD7725E4F6E100CD236E /* Assets.xcassets */ = {isa = PBXFileReference; lastKnownFileType = folder.assetcatalog; path = Assets.xcassets; sourceTree = "<group>"; };
		AF24DD7A25E4F6E100CD236E /* Preview Assets.xcassets */ = {isa = PBXFileReference; lastKnownFileType = folder.assetcatalog; path = "Preview Assets.xcassets"; sourceTree = "<group>"; };
		AF24DD7D25E4F6E100CD236E /* Base */ = {isa = PBXFileReference; lastKnownFileType = file.storyboard; name = Base; path = Base.lproj/Main.storyboard; sourceTree = "<group>"; };
		AF24DD7F25E4F6E100CD236E /* Info.plist */ = {isa = PBXFileReference; lastKnownFileType = text.plist.xml; path = Info.plist; sourceTree = "<group>"; };
		AF24DD8025E4F6E100CD236E /* GitMoji.entitlements */ = {isa = PBXFileReference; lastKnownFileType = text.plist.entitlements; path = GitMoji.entitlements; sourceTree = "<group>"; };
		AF24DD8A25E4FAF800CD236E /* gitmoji.json */ = {isa = PBXFileReference; lastKnownFileType = text.json; path = gitmoji.json; sourceTree = "<group>"; };
		AF24DD8D25E4FB1800CD236E /* Gitmoji.swift */ = {isa = PBXFileReference; lastKnownFileType = sourcecode.swift; path = Gitmoji.swift; sourceTree = "<group>"; };
		AF24DD9025E5002C00CD236E /* GitmojiRowView.swift */ = {isa = PBXFileReference; lastKnownFileType = sourcecode.swift; path = GitmojiRowView.swift; sourceTree = "<group>"; };
		AF24DD9325E502E800CD236E /* GitmojiListView.swift */ = {isa = PBXFileReference; lastKnownFileType = sourcecode.swift; path = GitmojiListView.swift; sourceTree = "<group>"; };
/* End PBXFileReference section */

/* Begin PBXFrameworksBuildPhase section */
		AF24DD6D25E4F6E000CD236E /* Frameworks */ = {
			isa = PBXFrameworksBuildPhase;
			buildActionMask = 2147483647;
			files = (
			);
			runOnlyForDeploymentPostprocessing = 0;
		};
/* End PBXFrameworksBuildPhase section */

/* Begin PBXGroup section */
		AF24DD6725E4F6E000CD236E = {
			isa = PBXGroup;
			children = (
				AF24DD7225E4F6E000CD236E /* GitMoji */,
				AF24DD7125E4F6E000CD236E /* Products */,
			);
			sourceTree = "<group>";
		};
		AF24DD7125E4F6E000CD236E /* Products */ = {
			isa = PBXGroup;
			children = (
				AF24DD7025E4F6E000CD236E /* GitMoji.app */,
			);
			name = Products;
			sourceTree = "<group>";
		};
		AF24DD7225E4F6E000CD236E /* GitMoji */ = {
			isa = PBXGroup;
			children = (
				AF24DD8925E4FA5C00CD236E /* models */,
				AF24DD8825E4FA5700CD236E /* controllers */,
				AF24DD8725E4FA4700CD236E /* views */,
				AF24DD7325E4F6E000CD236E /* AppDelegate.swift */,
				AF24DD7725E4F6E100CD236E /* Assets.xcassets */,
				AF24DD7C25E4F6E100CD236E /* Main.storyboard */,
				AF24DD7F25E4F6E100CD236E /* Info.plist */,
				AF24DD8025E4F6E100CD236E /* GitMoji.entitlements */,
				AF24DD7925E4F6E100CD236E /* Preview Content */,
				AF24DD8A25E4FAF800CD236E /* gitmoji.json */,
			);
			path = GitMoji;
			sourceTree = "<group>";
		};
		AF24DD7925E4F6E100CD236E /* Preview Content */ = {
			isa = PBXGroup;
			children = (
				AF24DD7A25E4F6E100CD236E /* Preview Assets.xcassets */,
			);
			path = "Preview Content";
			sourceTree = "<group>";
		};
		AF24DD8725E4FA4700CD236E /* views */ = {
			isa = PBXGroup;
			children = (
				AF24DD9025E5002C00CD236E /* GitmojiRowView.swift */,
				AF24DD9325E502E800CD236E /* GitmojiListView.swift */,
			);
			path = views;
			sourceTree = "<group>";
		};
		AF24DD8825E4FA5700CD236E /* controllers */ = {
			isa = PBXGroup;
			children = (
			);
			path = controllers;
			sourceTree = "<group>";
		};
		AF24DD8925E4FA5C00CD236E /* models */ = {
			isa = PBXGroup;
			children = (
				AF24DD8D25E4FB1800CD236E /* Gitmoji.swift */,
			);
			path = models;
			sourceTree = "<group>";
		};
/* End PBXGroup section */

/* Begin PBXNativeTarget section */
		AF24DD6F25E4F6E000CD236E /* GitMoji */ = {
			isa = PBXNativeTarget;
			buildConfigurationList = AF24DD8325E4F6E100CD236E /* Build configuration list for PBXNativeTarget "GitMoji" */;
			buildPhases = (
				AF24DD6C25E4F6E000CD236E /* Sources */,
				AF24DD6D25E4F6E000CD236E /* Frameworks */,
				AF24DD6E25E4F6E000CD236E /* Resources */,
			);
			buildRules = (
			);
			dependencies = (
			);
			name = GitMoji;
			productName = GitMoji;
			productReference = AF24DD7025E4F6E000CD236E /* GitMoji.app */;
			productType = "com.apple.product-type.application";
		};
/* End PBXNativeTarget section */

/* Begin PBXProject section */
		AF24DD6825E4F6E000CD236E /* Project object */ = {
			isa = PBXProject;
			attributes = {
				LastSwiftUpdateCheck = 1240;
				LastUpgradeCheck = 1240;
				TargetAttributes = {
					AF24DD6F25E4F6E000CD236E = {
						CreatedOnToolsVersion = 12.4;
					};
				};
			};
			buildConfigurationList = AF24DD6B25E4F6E000CD236E /* Build configuration list for PBXProject "GitMoji" */;
			compatibilityVersion = "Xcode 9.3";
			developmentRegion = en;
			hasScannedForEncodings = 0;
			knownRegions = (
				en,
				Base,
			);
			mainGroup = AF24DD6725E4F6E000CD236E;
			productRefGroup = AF24DD7125E4F6E000CD236E /* Products */;
			projectDirPath = "";
			projectRoot = "";
			targets = (
				AF24DD6F25E4F6E000CD236E /* GitMoji */,
			);
		};
/* End PBXProject section */

/* Begin PBXResourcesBuildPhase section */
		AF24DD6E25E4F6E000CD236E /* Resources */ = {
			isa = PBXResourcesBuildPhase;
			buildActionMask = 2147483647;
			files = (
				AF24DD7E25E4F6E100CD236E /* Main.storyboard in Resources */,
				AF24DD7B25E4F6E100CD236E /* Preview Assets.xcassets in Resources */,
				AF24DD7825E4F6E100CD236E /* Assets.xcassets in Resources */,
				AF24DD8B25E4FAF800CD236E /* gitmoji.json in Resources */,
			);
			runOnlyForDeploymentPostprocessing = 0;
		};
/* End PBXResourcesBuildPhase section */

/* Begin PBXSourcesBuildPhase section */
		AF24DD6C25E4F6E000CD236E /* Sources */ = {
			isa = PBXSourcesBuildPhase;
			buildActionMask = 2147483647;
			files = (
				AF24DD9125E5002C00CD236E /* GitmojiRowView.swift in Sources */,
				AF24DD7425E4F6E000CD236E /* AppDelegate.swift in Sources */,
				AF24DD8E25E4FB1800CD236E /* Gitmoji.swift in Sources */,
				AF24DD9425E502E800CD236E /* GitmojiListView.swift in Sources */,
			);
			runOnlyForDeploymentPostprocessing = 0;
		};
/* End PBXSourcesBuildPhase section */

/* Begin PBXVariantGroup section */
		AF24DD7C25E4F6E100CD236E /* Main.storyboard */ = {
			isa = PBXVariantGroup;
			children = (
				AF24DD7D25E4F6E100CD236E /* Base */,
			);
			name = Main.storyboard;
			sourceTree = "<group>";
		};
/* End PBXVariantGroup section */

/* Begin XCBuildConfiguration section */
		AF24DD8125E4F6E100CD236E /* Debug */ = {
			isa = XCBuildConfiguration;
			buildSettings = {
				ALWAYS_SEARCH_USER_PATHS = NO;
				CLANG_ANALYZER_NONNULL = YES;
				CLANG_ANALYZER_NUMBER_OBJECT_CONVERSION = YES_AGGRESSIVE;
				CLANG_CXX_LANGUAGE_STANDARD = "gnu++14";
				CLANG_CXX_LIBRARY = "libc++";
				CLANG_ENABLE_MODULES = YES;
				CLANG_ENABLE_OBJC_ARC = YES;
				CLANG_ENABLE_OBJC_WEAK = YES;
				CLANG_WARN_BLOCK_CAPTURE_AUTORELEASING = YES;
				CLANG_WARN_BOOL_CONVERSION = YES;
				CLANG_WARN_COMMA = YES;
				CLANG_WARN_CONSTANT_CONVERSION = YES;
				CLANG_WARN_DEPRECATED_OBJC_IMPLEMENTATIONS = YES;
				CLANG_WARN_DIRECT_OBJC_ISA_USAGE = YES_ERROR;
				CLANG_WARN_DOCUMENTATION_COMMENTS = YES;
				CLANG_WARN_EMPTY_BODY = YES;
				CLANG_WARN_ENUM_CONVERSION = YES;
				CLANG_WARN_INFINITE_RECURSION = YES;
				CLANG_WARN_INT_CONVERSION = YES;
				CLANG_WARN_NON_LITERAL_NULL_CONVERSION = YES;
				CLANG_WARN_OBJC_IMPLICIT_RETAIN_SELF = YES;
				CLANG_WARN_OBJC_LITERAL_CONVERSION = YES;
				CLANG_WARN_OBJC_ROOT_CLASS = YES_ERROR;
				CLANG_WARN_QUOTED_INCLUDE_IN_FRAMEWORK_HEADER = YES;
				CLANG_WARN_RANGE_LOOP_ANALYSIS = YES;
				CLANG_WARN_STRICT_PROTOTYPES = YES;
				CLANG_WARN_SUSPICIOUS_MOVE = YES;
				CLANG_WARN_UNGUARDED_AVAILABILITY = YES_AGGRESSIVE;
				CLANG_WARN_UNREACHABLE_CODE = YES;
				CLANG_WARN__DUPLICATE_METHOD_MATCH = YES;
				COPY_PHASE_STRIP = NO;
				DEBUG_INFORMATION_FORMAT = dwarf;
				ENABLE_STRICT_OBJC_MSGSEND = YES;
				ENABLE_TESTABILITY = YES;
				GCC_C_LANGUAGE_STANDARD = gnu11;
				GCC_DYNAMIC_NO_PIC = NO;
				GCC_NO_COMMON_BLOCKS = YES;
				GCC_OPTIMIZATION_LEVEL = 0;
				GCC_PREPROCESSOR_DEFINITIONS = (
					"DEBUG=1",
					"$(inherited)",
				);
				GCC_WARN_64_TO_32_BIT_CONVERSION = YES;
				GCC_WARN_ABOUT_RETURN_TYPE = YES_ERROR;
				GCC_WARN_UNDECLARED_SELECTOR = YES;
				GCC_WARN_UNINITIALIZED_AUTOS = YES_AGGRESSIVE;
				GCC_WARN_UNUSED_FUNCTION = YES;
				GCC_WARN_UNUSED_VARIABLE = YES;
				MACOSX_DEPLOYMENT_TARGET = 11.1;
				MTL_ENABLE_DEBUG_INFO = INCLUDE_SOURCE;
				MTL_FAST_MATH = YES;
				ONLY_ACTIVE_ARCH = YES;
				SDKROOT = macosx;
				SWIFT_ACTIVE_COMPILATION_CONDITIONS = DEBUG;
				SWIFT_OPTIMIZATION_LEVEL = "-Onone";
			};
			name = Debug;
		};
		AF24DD8225E4F6E100CD236E /* Release */ = {
			isa = XCBuildConfiguration;
			buildSettings = {
				ALWAYS_SEARCH_USER_PATHS = NO;
				CLANG_ANALYZER_NONNULL = YES;
				CLANG_ANALYZER_NUMBER_OBJECT_CONVERSION = YES_AGGRESSIVE;
				CLANG_CXX_LANGUAGE_STANDARD = "gnu++14";
				CLANG_CXX_LIBRARY = "libc++";
				CLANG_ENABLE_MODULES = YES;
				CLANG_ENABLE_OBJC_ARC = YES;
				CLANG_ENABLE_OBJC_WEAK = YES;
				CLANG_WARN_BLOCK_CAPTURE_AUTORELEASING = YES;
				CLANG_WARN_BOOL_CONVERSION = YES;
				CLANG_WARN_COMMA = YES;
				CLANG_WARN_CONSTANT_CONVERSION = YES;
				CLANG_WARN_DEPRECATED_OBJC_IMPLEMENTATIONS = YES;
				CLANG_WARN_DIRECT_OBJC_ISA_USAGE = YES_ERROR;
				CLANG_WARN_DOCUMENTATION_COMMENTS = YES;
				CLANG_WARN_EMPTY_BODY = YES;
				CLANG_WARN_ENUM_CONVERSION = YES;
				CLANG_WARN_INFINITE_RECURSION = YES;
				CLANG_WARN_INT_CONVERSION = YES;
				CLANG_WARN_NON_LITERAL_NULL_CONVERSION = YES;
				CLANG_WARN_OBJC_IMPLICIT_RETAIN_SELF = YES;
				CLANG_WARN_OBJC_LITERAL_CONVERSION = YES;
				CLANG_WARN_OBJC_ROOT_CLASS = YES_ERROR;
				CLANG_WARN_QUOTED_INCLUDE_IN_FRAMEWORK_HEADER = YES;
				CLANG_WARN_RANGE_LOOP_ANALYSIS = YES;
				CLANG_WARN_STRICT_PROTOTYPES = YES;
				CLANG_WARN_SUSPICIOUS_MOVE = YES;
				CLANG_WARN_UNGUARDED_AVAILABILITY = YES_AGGRESSIVE;
				CLANG_WARN_UNREACHABLE_CODE = YES;
				CLANG_WARN__DUPLICATE_METHOD_MATCH = YES;
				COPY_PHASE_STRIP = NO;
				DEBUG_INFORMATION_FORMAT = "dwarf-with-dsym";
				ENABLE_NS_ASSERTIONS = NO;
				ENABLE_STRICT_OBJC_MSGSEND = YES;
				GCC_C_LANGUAGE_STANDARD = gnu11;
				GCC_NO_COMMON_BLOCKS = YES;
				GCC_WARN_64_TO_32_BIT_CONVERSION = YES;
				GCC_WARN_ABOUT_RETURN_TYPE = YES_ERROR;
				GCC_WARN_UNDECLARED_SELECTOR = YES;
				GCC_WARN_UNINITIALIZED_AUTOS = YES_AGGRESSIVE;
				GCC_WARN_UNUSED_FUNCTION = YES;
				GCC_WARN_UNUSED_VARIABLE = YES;
				MACOSX_DEPLOYMENT_TARGET = 11.1;
				MTL_ENABLE_DEBUG_INFO = NO;
				MTL_FAST_MATH = YES;
				SDKROOT = macosx;
				SWIFT_COMPILATION_MODE = wholemodule;
				SWIFT_OPTIMIZATION_LEVEL = "-O";
			};
			name = Release;
		};
		AF24DD8425E4F6E100CD236E /* Debug */ = {
			isa = XCBuildConfiguration;
			buildSettings = {
				ASSETCATALOG_COMPILER_APPICON_NAME = AppIcon;
				ASSETCATALOG_COMPILER_GLOBAL_ACCENT_COLOR_NAME = AccentColor;
				CODE_SIGN_ENTITLEMENTS = GitMoji/GitMoji.entitlements;
				CODE_SIGN_IDENTITY = "Apple Development";
				CODE_SIGN_STYLE = Automatic;
				COMBINE_HIDPI_IMAGES = YES;
				DEVELOPMENT_ASSET_PATHS = "\"GitMoji/Preview Content\"";
				DEVELOPMENT_TEAM = Q5BD4UH8GA;
				ENABLE_HARDENED_RUNTIME = YES;
				ENABLE_PREVIEWS = YES;
				INFOPLIST_FILE = GitMoji/Info.plist;
				LD_RUNPATH_SEARCH_PATHS = (
					"$(inherited)",
					"@executable_path/../Frameworks",
				);
				MACOSX_DEPLOYMENT_TARGET = 11.0;
				PRODUCT_BUNDLE_IDENTIFIER = dev.pknn.GitMoji;
				PRODUCT_NAME = "$(TARGET_NAME)";
				SWIFT_VERSION = 5.0;
			};
			name = Debug;
		};
		AF24DD8525E4F6E100CD236E /* Release */ = {
			isa = XCBuildConfiguration;
			buildSettings = {
				ASSETCATALOG_COMPILER_APPICON_NAME = AppIcon;
				ASSETCATALOG_COMPILER_GLOBAL_ACCENT_COLOR_NAME = AccentColor;
				CODE_SIGN_ENTITLEMENTS = GitMoji/GitMoji.entitlements;
				CODE_SIGN_IDENTITY = "Apple Development";
				CODE_SIGN_STYLE = Automatic;
				COMBINE_HIDPI_IMAGES = YES;
				DEVELOPMENT_ASSET_PATHS = "\"GitMoji/Preview Content\"";
				DEVELOPMENT_TEAM = Q5BD4UH8GA;
				ENABLE_HARDENED_RUNTIME = YES;
				ENABLE_PREVIEWS = YES;
				INFOPLIST_FILE = GitMoji/Info.plist;
				LD_RUNPATH_SEARCH_PATHS = (
					"$(inherited)",
					"@executable_path/../Frameworks",
				);
				MACOSX_DEPLOYMENT_TARGET = 11.0;
				PRODUCT_BUNDLE_IDENTIFIER = dev.pknn.GitMoji;
				PRODUCT_NAME = "$(TARGET_NAME)";
				SWIFT_VERSION = 5.0;
			};
			name = Release;
		};
/* End XCBuildConfiguration section */

/* Begin XCConfigurationList section */
		AF24DD6B25E4F6E000CD236E /* Build configuration list for PBXProject "GitMoji" */ = {
			isa = XCConfigurationList;
			buildConfigurations = (
				AF24DD8125E4F6E100CD236E /* Debug */,
				AF24DD8225E4F6E100CD236E /* Release */,
			);
			defaultConfigurationIsVisible = 0;
			defaultConfigurationName = Release;
		};
		AF24DD8325E4F6E100CD236E /* Build configuration list for PBXNativeTarget "GitMoji" */ = {
			isa = XCConfigurationList;
			buildConfigurations = (
				AF24DD8425E4F6E100CD236E /* Debug */,
				AF24DD8525E4F6E100CD236E /* Release */,
			);
			defaultConfigurationIsVisible = 0;
			defaultConfigurationName = Release;
		};
/* End XCConfigurationList section */
	};
	rootObject = AF24DD6825E4F6E000CD236E /* Project object */;
}
